PODS:
  - OHMySQL (2.1.3)
  - Sync (5.1.0)

DEPENDENCIES:
  - OHMySQL
  - Sync (~> 5)

SPEC REPOS:
  https://github.com/cocoapods/specs.git:
    - OHMySQL
    - Sync

SPEC CHECKSUMS:
  OHMySQL: 8bc54d2b8b9e1acfa0e652b18856a9cdbb24c431
  Sync: 0412c2b068eb7cf1a04607e948ef92cbd6114d0f

PODFILE CHECKSUM: f345a4b9338f533d043776e0fe4eca302f3d8ccc

COCOAPODS: 1.6.1
